
Microsoft Visual Studio Solution File, Format Version 12.00
# Visual Studio Version 17
VisualStudioVersion = 17.14.36327.8 d17.14
MinimumVisualStudioVersion = 10.0.40219.1
Project("{8BC9CEB8-8B4A-11D0-8D11-00A0C91BC942}") = "VtuberAppVS", "VtuberAppVS\VtuberAppVS.vcxproj", "{75AC3DE3-BFD5-4C0C-82F5-0C747EFDB663}"
EndProject
Global
	GlobalSection(SolutionConfigurationPlatforms) = preSolution
		Debug|x64 = Debug|x64
		Debug|x86 = Debug|x86
		Release|x64 = Release|x64
		Release|x86 = Release|x86
	EndGlobalSection
	GlobalSection(ProjectConfigurationPlatforms) = postSolution
		{75AC3DE3-BFD5-4C0C-82F5-0C747EFDB663}.Debug|x64.ActiveCfg = Debug|x64
		{75AC3DE3-BFD5-4C0C-82F5-0C747EFDB663}.Debug|x64.Build.0 = Debug|x64
		{75AC3DE3-BFD5-4C0C-82F5-0C747EFDB663}.Debug|x86.ActiveCfg = Debug|Win32
		{75AC3DE3-BFD5-4C0C-82F5-0C747EFDB663}.Debug|x86.Build.0 = Debug|Win32
		{75AC3DE3-BFD5-4C0C-82F5-0C747EFDB663}.Release|x64.ActiveCfg = Release|x64
		{75AC3DE3-BFD5-4C0C-82F5-0C747EFDB663}.Release|x64.Build.0 = Release|x64
		{75AC3DE3-BFD5-4C0C-82F5-0C747EFDB663}.Release|x86.ActiveCfg = Release|Win32
		{75AC3DE3-BFD5-4C0C-82F5-0C747EFDB663}.Release|x86.Build.0 = Release|Win32
	EndGlobalSection
	GlobalSection(SolutionProperties) = preSolution
		HideSolutionNode = FALSE
	EndGlobalSection
	GlobalSection(ExtensibilityGlobals) = postSolution
		SolutionGuid = {EE536667-50A9-4A6A-AE32-21A0C7A23AA2}
	EndGlobalSection
EndGlobal
